
Microsoft Visual Studio Solution File, Format Version 12.00
# Visual Studio Version 17
VisualStudioVersion = 17.9.34607.119
MinimumVisualStudioVersion = 10.0.40219.1
Project("{FAE04EC0-301F-11D3-BF4B-00C04F79EFBC}") = "Datalagring_CarPark_EFCore", "Datalagring_CarPark_EFCore.csproj", "{2BB5FB14-D70A-4DEA-B397-2BB56506016C}"
EndProject
Global
	GlobalSection(SolutionConfigurationPlatforms) = preSolution
		Debug|Any CPU = Debug|Any CPU
		Release|Any CPU = Release|Any CPU
	EndGlobalSection
	GlobalSection(ProjectConfigurationPlatforms) = postSolution
		{2BB5FB14-D70A-4DEA-B397-2BB56506016C}.Debug|Any CPU.ActiveCfg = Debug|Any CPU
		{2BB5FB14-D70A-4DEA-B397-2BB56506016C}.Debug|Any CPU.Build.0 = Debug|Any CPU
		{2BB5FB14-D70A-4DEA-B397-2BB56506016C}.Release|Any CPU.ActiveCfg = Release|Any CPU
		{2BB5FB14-D70A-4DEA-B397-2BB56506016C}.Release|Any CPU.Build.0 = Release|Any CPU
	EndGlobalSection
	GlobalSection(SolutionProperties) = preSolution
		HideSolutionNode = FALSE
	EndGlobalSection
	GlobalSection(ExtensibilityGlobals) = postSolution
		SolutionGuid = {1CA57453-6F5E-4847-8F58-1543C499FD6C}
	EndGlobalSection
EndGlobal
